
Microsoft Visual Studio Solution File, Format Version 12.00
# Visual Studio Version 16
VisualStudioVersion = 16.0.31112.23
MinimumVisualStudioVersion = 10.0.40219.1
Project("{FAE04EC0-301F-11D3-BF4B-00C04F79EFBC}") = "CoreSystems", "CoreSystems.csproj", "{8C495F81-E079-43A2-BB6D-96F64540AB1D}"
EndProject
Global
	GlobalSection(SolutionConfigurationPlatforms) = preSolution
		Debug|Any CPU = Debug|Any CPU
		Release|Any CPU = Release|Any CPU
	EndGlobalSection
	GlobalSection(ProjectConfigurationPlatforms) = postSolution
		{8C495F81-E079-43A2-BB6D-96F64540AB1D}.Debug|Any CPU.ActiveCfg = Debug|Any CPU
		{8C495F81-E079-43A2-BB6D-96F64540AB1D}.Debug|Any CPU.Build.0 = Debug|Any CPU
		{8C495F81-E079-43A2-BB6D-96F64540AB1D}.Release|Any CPU.ActiveCfg = Release|Any CPU
		{8C495F81-E079-43A2-BB6D-96F64540AB1D}.Release|Any CPU.Build.0 = Release|Any CPU
	EndGlobalSection
	GlobalSection(SolutionProperties) = preSolution
		HideSolutionNode = FALSE
	EndGlobalSection
	GlobalSection(ExtensibilityGlobals) = postSolution
		SolutionGuid = {F866545E-9D2B-4E67-8751-0D383F94E7FC}
	EndGlobalSection
EndGlobal
