
Microsoft Visual Studio Solution File, Format Version 12.00
# Visual Studio 15
VisualStudioVersion = 15.0.28307.539
MinimumVisualStudioVersion = 10.0.40219.1
Project("{FAE04EC0-301F-11D3-BF4B-00C04F79EFBC}") = "WeaponCore", "WeaponCore.csproj", "{CA69D7C5-9224-4115-8398-A20E0DCE160B}"
EndProject
Global
	GlobalSection(SolutionConfigurationPlatforms) = preSolution
		Debug|Any CPU = Debug|Any CPU
		Release|Any CPU = Release|Any CPU
	EndGlobalSection
	GlobalSection(ProjectConfigurationPlatforms) = postSolution
		{CA69D7C5-9224-4115-8398-A20E0DCE160B}.Debug|Any CPU.ActiveCfg = Debug|Any CPU
		{CA69D7C5-9224-4115-8398-A20E0DCE160B}.Debug|Any CPU.Build.0 = Debug|Any CPU
		{CA69D7C5-9224-4115-8398-A20E0DCE160B}.Release|Any CPU.ActiveCfg = Release|Any CPU
		{CA69D7C5-9224-4115-8398-A20E0DCE160B}.Release|Any CPU.Build.0 = Release|Any CPU
	EndGlobalSection
	GlobalSection(SolutionProperties) = preSolution
		HideSolutionNode = FALSE
	EndGlobalSection
	GlobalSection(ExtensibilityGlobals) = postSolution
		SolutionGuid = {210DC290-7497-4603-8925-8E5ED11558CE}
	EndGlobalSection
EndGlobal
